
Microsoft Visual Studio Solution File, Format Version 12.00
# Visual Studio 15
VisualStudioVersion = 15.0.26124.0
MinimumVisualStudioVersion = 15.0.26124.0
Project("{FAE04EC0-301F-11D3-BF4B-00C04F79EFBC}") = "Domain", "Domain\Domain.csproj", "{B6DE24C7-55AE-4CC8-AD9E-E1060D21CFE2}"
EndProject
Project("{FAE04EC0-301F-11D3-BF4B-00C04F79EFBC}") = "Application", "Application\Application.csproj", "{84875A06-4CB9-48DB-A052-FEDD98B839E8}"
EndProject
Project("{FAE04EC0-301F-11D3-BF4B-00C04F79EFBC}") = "API", "API\API.csproj", "{3F0CF162-E43A-4E1F-877F-465C7BC6BB21}"
EndProject
Project("{FAE04EC0-301F-11D3-BF4B-00C04F79EFBC}") = "Persistence", "Persistence\Persistence.csproj", "{BDFA9F7B-D7DB-4833-997F-5A691C4B2846}"
EndProject
Global
	GlobalSection(SolutionConfigurationPlatforms) = preSolution
		Debug|Any CPU = Debug|Any CPU
		Debug|x64 = Debug|x64
		Debug|x86 = Debug|x86
		Release|Any CPU = Release|Any CPU
		Release|x64 = Release|x64
		Release|x86 = Release|x86
	EndGlobalSection
	GlobalSection(SolutionProperties) = preSolution
		HideSolutionNode = FALSE
	EndGlobalSection
	GlobalSection(ProjectConfigurationPlatforms) = postSolution
		{B6DE24C7-55AE-4CC8-AD9E-E1060D21CFE2}.Debug|Any CPU.ActiveCfg = Debug|Any CPU
		{B6DE24C7-55AE-4CC8-AD9E-E1060D21CFE2}.Debug|Any CPU.Build.0 = Debug|Any CPU
		{B6DE24C7-55AE-4CC8-AD9E-E1060D21CFE2}.Debug|x64.ActiveCfg = Debug|Any CPU
		{B6DE24C7-55AE-4CC8-AD9E-E1060D21CFE2}.Debug|x64.Build.0 = Debug|Any CPU
		{B6DE24C7-55AE-4CC8-AD9E-E1060D21CFE2}.Debug|x86.ActiveCfg = Debug|Any CPU
		{B6DE24C7-55AE-4CC8-AD9E-E1060D21CFE2}.Debug|x86.Build.0 = Debug|Any CPU
		{B6DE24C7-55AE-4CC8-AD9E-E1060D21CFE2}.Release|Any CPU.ActiveCfg = Release|Any CPU
		{B6DE24C7-55AE-4CC8-AD9E-E1060D21CFE2}.Release|Any CPU.Build.0 = Release|Any CPU
		{B6DE24C7-55AE-4CC8-AD9E-E1060D21CFE2}.Release|x64.ActiveCfg = Release|Any CPU
		{B6DE24C7-55AE-4CC8-AD9E-E1060D21CFE2}.Release|x64.Build.0 = Release|Any CPU
		{B6DE24C7-55AE-4CC8-AD9E-E1060D21CFE2}.Release|x86.ActiveCfg = Release|Any CPU
		{B6DE24C7-55AE-4CC8-AD9E-E1060D21CFE2}.Release|x86.Build.0 = Release|Any CPU
		{84875A06-4CB9-48DB-A052-FEDD98B839E8}.Debug|Any CPU.ActiveCfg = Debug|Any CPU
		{84875A06-4CB9-48DB-A052-FEDD98B839E8}.Debug|Any CPU.Build.0 = Debug|Any CPU
		{84875A06-4CB9-48DB-A052-FEDD98B839E8}.Debug|x64.ActiveCfg = Debug|Any CPU
		{84875A06-4CB9-48DB-A052-FEDD98B839E8}.Debug|x64.Build.0 = Debug|Any CPU
		{84875A06-4CB9-48DB-A052-FEDD98B839E8}.Debug|x86.ActiveCfg = Debug|Any CPU
		{84875A06-4CB9-48DB-A052-FEDD98B839E8}.Debug|x86.Build.0 = Debug|Any CPU
		{84875A06-4CB9-48DB-A052-FEDD98B839E8}.Release|Any CPU.ActiveCfg = Release|Any CPU
		{84875A06-4CB9-48DB-A052-FEDD98B839E8}.Release|Any CPU.Build.0 = Release|Any CPU
		{84875A06-4CB9-48DB-A052-FEDD98B839E8}.Release|x64.ActiveCfg = Release|Any CPU
		{84875A06-4CB9-48DB-A052-FEDD98B839E8}.Release|x64.Build.0 = Release|Any CPU
		{84875A06-4CB9-48DB-A052-FEDD98B839E8}.Release|x86.ActiveCfg = Release|Any CPU
		{84875A06-4CB9-48DB-A052-FEDD98B839E8}.Release|x86.Build.0 = Release|Any CPU
		{3F0CF162-E43A-4E1F-877F-465C7BC6BB21}.Debug|Any CPU.ActiveCfg = Debug|Any CPU
		{3F0CF162-E43A-4E1F-877F-465C7BC6BB21}.Debug|Any CPU.Build.0 = Debug|Any CPU
		{3F0CF162-E43A-4E1F-877F-465C7BC6BB21}.Debug|x64.ActiveCfg = Debug|Any CPU
		{3F0CF162-E43A-4E1F-877F-465C7BC6BB21}.Debug|x64.Build.0 = Debug|Any CPU
		{3F0CF162-E43A-4E1F-877F-465C7BC6BB21}.Debug|x86.ActiveCfg = Debug|Any CPU
		{3F0CF162-E43A-4E1F-877F-465C7BC6BB21}.Debug|x86.Build.0 = Debug|Any CPU
		{3F0CF162-E43A-4E1F-877F-465C7BC6BB21}.Release|Any CPU.ActiveCfg = Release|Any CPU
		{3F0CF162-E43A-4E1F-877F-465C7BC6BB21}.Release|Any CPU.Build.0 = Release|Any CPU
		{3F0CF162-E43A-4E1F-877F-465C7BC6BB21}.Release|x64.ActiveCfg = Release|Any CPU
		{3F0CF162-E43A-4E1F-877F-465C7BC6BB21}.Release|x64.Build.0 = Release|Any CPU
		{3F0CF162-E43A-4E1F-877F-465C7BC6BB21}.Release|x86.ActiveCfg = Release|Any CPU
		{3F0CF162-E43A-4E1F-877F-465C7BC6BB21}.Release|x86.Build.0 = Release|Any CPU
		{BDFA9F7B-D7DB-4833-997F-5A691C4B2846}.Debug|Any CPU.ActiveCfg = Debug|Any CPU
		{BDFA9F7B-D7DB-4833-997F-5A691C4B2846}.Debug|Any CPU.Build.0 = Debug|Any CPU
		{BDFA9F7B-D7DB-4833-997F-5A691C4B2846}.Debug|x64.ActiveCfg = Debug|Any CPU
		{BDFA9F7B-D7DB-4833-997F-5A691C4B2846}.Debug|x64.Build.0 = Debug|Any CPU
		{BDFA9F7B-D7DB-4833-997F-5A691C4B2846}.Debug|x86.ActiveCfg = Debug|Any CPU
		{BDFA9F7B-D7DB-4833-997F-5A691C4B2846}.Debug|x86.Build.0 = Debug|Any CPU
		{BDFA9F7B-D7DB-4833-997F-5A691C4B2846}.Release|Any CPU.ActiveCfg = Release|Any CPU
		{BDFA9F7B-D7DB-4833-997F-5A691C4B2846}.Release|Any CPU.Build.0 = Release|Any CPU
		{BDFA9F7B-D7DB-4833-997F-5A691C4B2846}.Release|x64.ActiveCfg = Release|Any CPU
		{BDFA9F7B-D7DB-4833-997F-5A691C4B2846}.Release|x64.Build.0 = Release|Any CPU
		{BDFA9F7B-D7DB-4833-997F-5A691C4B2846}.Release|x86.ActiveCfg = Release|Any CPU
		{BDFA9F7B-D7DB-4833-997F-5A691C4B2846}.Release|x86.Build.0 = Release|Any CPU
	EndGlobalSection
EndGlobal
